
Microsoft Visual Studio Solution File, Format Version 12.00
# Visual Studio 15
VisualStudioVersion = 15.0.27130.2036
MinimumVisualStudioVersion = 10.0.40219.1
Project("{FAE04EC0-301F-11D3-BF4B-00C04F79EFBC}") = "RFID_Reader_extended", "RFID Reader\RFID_Reader_extended.csproj", "{4426487D-E6F1-4FF7-8926-D6B84532ECCA}"
EndProject
Global
	GlobalSection(SolutionConfigurationPlatforms) = preSolution
		Debug|Any CPU = Debug|Any CPU
		Release|Any CPU = Release|Any CPU
	EndGlobalSection
	GlobalSection(ProjectConfigurationPlatforms) = postSolution
		{4426487D-E6F1-4FF7-8926-D6B84532ECCA}.Debug|Any CPU.ActiveCfg = Debug|Any CPU
		{4426487D-E6F1-4FF7-8926-D6B84532ECCA}.Debug|Any CPU.Build.0 = Debug|Any CPU
		{4426487D-E6F1-4FF7-8926-D6B84532ECCA}.Release|Any CPU.ActiveCfg = Release|Any CPU
		{4426487D-E6F1-4FF7-8926-D6B84532ECCA}.Release|Any CPU.Build.0 = Release|Any CPU
	EndGlobalSection
	GlobalSection(SolutionProperties) = preSolution
		HideSolutionNode = FALSE
	EndGlobalSection
	GlobalSection(ExtensibilityGlobals) = postSolution
		SolutionGuid = {6633E338-FFD5-4BC5-87D4-80890F44AB68}
	EndGlobalSection
EndGlobal
